# This file is automatically @generated by Poetry 1.8.1 and should not be changed by hand.

[[package]]
name = "grpcio"
version = "1.65.1"
description = "HTTP/2-based RPC framework"
optional = false
python-versions = ">=3.8"
files = [
    {file = "grpcio-1.65.1-cp310-cp310-linux_armv7l.whl", hash = "sha256:3dc5f928815b8972fb83b78d8db5039559f39e004ec93ebac316403fe031a062"},
    {file = "grpcio-1.65.1-cp310-cp310-macosx_12_0_universal2.whl", hash = "sha256:8333ca46053c35484c9f2f7e8d8ec98c1383a8675a449163cea31a2076d93de8"},
    {file = "grpcio-1.65.1-cp310-cp310-manylinux_2_17_aarch64.whl", hash = "sha256:7af64838b6e615fff0ec711960ed9b6ee83086edfa8c32670eafb736f169d719"},
    {file = "grpcio-1.65.1-cp310-cp310-manylinux_2_17_i686.manylinux2014_i686.whl", hash = "sha256:dbb64b4166362d9326f7efbf75b1c72106c1aa87f13a8c8b56a1224fac152f5c"},
    {file = "grpcio-1.65.1-cp310-cp310-manylinux_2_17_x86_64.manylinux2014_x86_64.whl", hash = "sha256:a8422dc13ad93ec8caa2612b5032a2b9cd6421c13ed87f54db4a3a2c93afaf77"},
    {file = "grpcio-1.65.1-cp310-cp310-musllinux_1_1_i686.whl", hash = "sha256:4effc0562b6c65d4add6a873ca132e46ba5e5a46f07c93502c37a9ae7f043857"},
    {file = "grpcio-1.65.1-cp310-cp310-musllinux_1_1_x86_64.whl", hash = "sha256:a6c71575a2fedf259724981fd73a18906513d2f306169c46262a5bae956e6364"},
    {file = "grpcio-1.65.1-cp310-cp310-win32.whl", hash = "sha256:34966cf526ef0ea616e008d40d989463e3db157abb213b2f20c6ce0ae7928875"},
    {file = "grpcio-1.65.1-cp310-cp310-win_amd64.whl", hash = "sha256:ca931de5dd6d9eb94ff19a2c9434b23923bce6f767179fef04dfa991f282eaad"},
    {file = "grpcio-1.65.1-cp311-cp311-linux_armv7l.whl", hash = "sha256:bbb46330cc643ecf10bd9bd4ca8e7419a14b6b9dedd05f671c90fb2c813c6037"},
    {file = "grpcio-1.65.1-cp311-cp311-macosx_10_9_universal2.whl", hash = "sha256:d827a6fb9215b961eb73459ad7977edb9e748b23e3407d21c845d1d8ef6597e5"},
    {file = "grpcio-1.65.1-cp311-cp311-manylinux_2_17_aarch64.whl", hash = "sha256:6e71aed8835f8d9fbcb84babc93a9da95955d1685021cceb7089f4f1e717d719"},
    {file = "grpcio-1.65.1-cp311-cp311-manylinux_2_17_i686.manylinux2014_i686.whl", hash = "sha256:9a1c84560b3b2d34695c9ba53ab0264e2802721c530678a8f0a227951f453462"},
    {file = "grpcio-1.65.1-cp311-cp311-manylinux_2_17_x86_64.manylinux2014_x86_64.whl", hash = "sha256:27adee2338d697e71143ed147fe286c05810965d5d30ec14dd09c22479bfe48a"},
    {file = "grpcio-1.65.1-cp311-cp311-musllinux_1_1_i686.whl", hash = "sha256:f62652ddcadc75d0e7aa629e96bb61658f85a993e748333715b4ab667192e4e8"},
    {file = "grpcio-1.65.1-cp311-cp311-musllinux_1_1_x86_64.whl", hash = "sha256:71a05fd814700dd9cb7d9a507f2f6a1ef85866733ccaf557eedacec32d65e4c2"},
    {file = "grpcio-1.65.1-cp311-cp311-win32.whl", hash = "sha256:b590f1ad056294dfaeac0b7e1b71d3d5ace638d8dd1f1147ce4bd13458783ba8"},
    {file = "grpcio-1.65.1-cp311-cp311-win_amd64.whl", hash = "sha256:12e9bdf3b5fd48e5fbe5b3da382ad8f97c08b47969f3cca81dd9b36b86ed39e2"},
    {file = "grpcio-1.65.1-cp312-cp312-linux_armv7l.whl", hash = "sha256:54cb822e177374b318b233e54b6856c692c24cdbd5a3ba5335f18a47396bac8f"},
    {file = "grpcio-1.65.1-cp312-cp312-macosx_10_9_universal2.whl", hash = "sha256:aaf3c54419a28d45bd1681372029f40e5bfb58e5265e3882eaf21e4a5f81a119"},
    {file = "grpcio-1.65.1-cp312-cp312-manylinux_2_17_aarch64.whl", hash = "sha256:557de35bdfbe8bafea0a003dbd0f4da6d89223ac6c4c7549d78e20f92ead95d9"},
    {file = "grpcio-1.65.1-cp312-cp312-manylinux_2_17_i686.manylinux2014_i686.whl", hash = "sha256:8bfd95ef3b097f0cc86ade54eafefa1c8ed623aa01a26fbbdcd1a3650494dd11"},
    {file = "grpcio-1.65.1-cp312-cp312-manylinux_2_17_x86_64.manylinux2014_x86_64.whl", hash = "sha256:9e6a8f3d6c41e6b642870afe6cafbaf7b61c57317f9ec66d0efdaf19db992b90"},
    {file = "grpcio-1.65.1-cp312-cp312-musllinux_1_1_i686.whl", hash = "sha256:1faaf7355ceed07ceaef0b9dcefa4c98daf1dd8840ed75c2de128c3f4a4d859d"},
    {file = "grpcio-1.65.1-cp312-cp312-musllinux_1_1_x86_64.whl", hash = "sha256:60f1f38eed830488ad2a1b11579ef0f345ff16fffdad1d24d9fbc97ba31804ff"},
    {file = "grpcio-1.65.1-cp312-cp312-win32.whl", hash = "sha256:e75acfa52daf5ea0712e8aa82f0003bba964de7ae22c26d208cbd7bc08500177"},
    {file = "grpcio-1.65.1-cp312-cp312-win_amd64.whl", hash = "sha256:ff5a84907e51924973aa05ed8759210d8cdae7ffcf9e44fd17646cf4a902df59"},
    {file = "grpcio-1.65.1-cp38-cp38-linux_armv7l.whl", hash = "sha256:1fbd6331f18c3acd7e09d17fd840c096f56eaf0ef830fbd50af45ae9dc8dfd83"},
    {file = "grpcio-1.65.1-cp38-cp38-macosx_10_9_universal2.whl", hash = "sha256:de5b6be29116e094c5ef9d9e4252e7eb143e3d5f6bd6d50a78075553ab4930b0"},
    {file = "grpcio-1.65.1-cp38-cp38-manylinux_2_17_aarch64.whl", hash = "sha256:e4a3cdba62b2d6aeae6027ae65f350de6dc082b72e6215eccf82628e79efe9ba"},
    {file = "grpcio-1.65.1-cp38-cp38-manylinux_2_17_i686.manylinux2014_i686.whl", hash = "sha256:941c4869aa229d88706b78187d60d66aca77fe5c32518b79e3c3e03fc26109a2"},
    {file = "grpcio-1.65.1-cp38-cp38-manylinux_2_17_x86_64.manylinux2014_x86_64.whl", hash = "sha256:f40cebe5edb518d78b8131e87cb83b3ee688984de38a232024b9b44e74ee53d3"},
    {file = "grpcio-1.65.1-cp38-cp38-musllinux_1_1_i686.whl", hash = "sha256:2ca684ba331fb249d8a1ce88db5394e70dbcd96e58d8c4b7e0d7b141a453dce9"},
    {file = "grpcio-1.65.1-cp38-cp38-musllinux_1_1_x86_64.whl", hash = "sha256:8558f0083ddaf5de64a59c790bffd7568e353914c0c551eae2955f54ee4b857f"},
    {file = "grpcio-1.65.1-cp38-cp38-win32.whl", hash = "sha256:8d8143a3e3966f85dce6c5cc45387ec36552174ba5712c5dc6fcc0898fb324c0"},
    {file = "grpcio-1.65.1-cp38-cp38-win_amd64.whl", hash = "sha256:76e81a86424d6ca1ce7c16b15bdd6a964a42b40544bf796a48da241fdaf61153"},
    {file = "grpcio-1.65.1-cp39-cp39-linux_armv7l.whl", hash = "sha256:cb5175f45c980ff418998723ea1b3869cce3766d2ab4e4916fbd3cedbc9d0ed3"},
    {file = "grpcio-1.65.1-cp39-cp39-macosx_10_9_universal2.whl", hash = "sha256:b12c1aa7b95abe73b3e04e052c8b362655b41c7798da69f1eaf8d186c7d204df"},
    {file = "grpcio-1.65.1-cp39-cp39-manylinux_2_17_aarch64.whl", hash = "sha256:3019fb50128b21a5e018d89569ffaaaa361680e1346c2f261bb84a91082eb3d3"},
    {file = "grpcio-1.65.1-cp39-cp39-manylinux_2_17_i686.manylinux2014_i686.whl", hash = "sha256:7ae15275ed98ea267f64ee9ddedf8ecd5306a5b5bb87972a48bfe24af24153e8"},
    {file = "grpcio-1.65.1-cp39-cp39-manylinux_2_17_x86_64.manylinux2014_x86_64.whl", hash = "sha256:5f096ffb881f37e8d4f958b63c74bfc400c7cebd7a944b027357cd2fb8d91a57"},
    {file = "grpcio-1.65.1-cp39-cp39-musllinux_1_1_i686.whl", hash = "sha256:2f56b5a68fdcf17a0a1d524bf177218c3c69b3947cb239ea222c6f1867c3ab68"},
    {file = "grpcio-1.65.1-cp39-cp39-musllinux_1_1_x86_64.whl", hash = "sha256:941596d419b9736ab548aa0feb5bbba922f98872668847bf0720b42d1d227b9e"},
    {file = "grpcio-1.65.1-cp39-cp39-win32.whl", hash = "sha256:5fd7337a823b890215f07d429f4f193d24b80d62a5485cf88ee06648591a0c57"},
    {file = "grpcio-1.65.1-cp39-cp39-win_amd64.whl", hash = "sha256:1bceeec568372cbebf554eae1b436b06c2ff24cfaf04afade729fb9035408c6c"},
    {file = "grpcio-1.65.1.tar.gz", hash = "sha256:3c492301988cd720cd145d84e17318d45af342e29ef93141228f9cd73222368b"},
]

[package.extras]
protobuf = ["grpcio-tools (>=1.65.1)"]

[[package]]
name = "imutils"
version = "0.5.4"
description = "A series of convenience functions to make basic image processing functions such as translation, rotation, resizing, skeletonization, displaying Matplotlib images, sorting contours, detecting edges, and much more easier with OpenCV and both Python 2.7 and Python 3."
optional = false
python-versions = "*"
files = [
    {file = "imutils-0.5.4.tar.gz", hash = "sha256:03827a9fca8b5c540305c0844a62591cf35a0caec199cb0f2f0a4a0fb15d8f24"},
]

[[package]]
name = "numpy"
version = "1.23.4"
description = "NumPy is the fundamental package for array computing with Python."
optional = false
python-versions = ">=3.8"
files = [
    {file = "numpy-1.23.4-cp310-cp310-macosx_10_9_x86_64.whl", hash = "sha256:95d79ada05005f6f4f337d3bb9de8a7774f259341c70bc88047a1f7b96a4bcb2"},
    {file = "numpy-1.23.4-cp310-cp310-macosx_11_0_arm64.whl", hash = "sha256:926db372bc4ac1edf81cfb6c59e2a881606b409ddc0d0920b988174b2e2a767f"},
    {file = "numpy-1.23.4-cp310-cp310-manylinux_2_17_aarch64.manylinux2014_aarch64.whl", hash = "sha256:c237129f0e732885c9a6076a537e974160482eab8f10db6292e92154d4c67d71"},
    {file = "numpy-1.23.4-cp310-cp310-manylinux_2_17_x86_64.manylinux2014_x86_64.whl", hash = "sha256:a8365b942f9c1a7d0f0dc974747d99dd0a0cdfc5949a33119caf05cb314682d3"},
    {file = "numpy-1.23.4-cp310-cp310-win32.whl", hash = "sha256:2341f4ab6dba0834b685cce16dad5f9b6606ea8a00e6da154f5dbded70fdc4dd"},
    {file = "numpy-1.23.4-cp310-cp310-win_amd64.whl", hash = "sha256:d331afac87c92373826af83d2b2b435f57b17a5c74e6268b79355b970626e329"},
    {file = "numpy-1.23.4-cp311-cp311-macosx_10_9_x86_64.whl", hash = "sha256:488a66cb667359534bc70028d653ba1cf307bae88eab5929cd707c761ff037db"},
    {file = "numpy-1.23.4-cp311-cp311-macosx_11_0_arm64.whl", hash = "sha256:ce03305dd694c4873b9429274fd41fc7eb4e0e4dea07e0af97a933b079a5814f"},
    {file = "numpy-1.23.4-cp311-cp311-manylinux_2_17_aarch64.manylinux2014_aarch64.whl", hash = "sha256:8981d9b5619569899666170c7c9748920f4a5005bf79c72c07d08c8a035757b0"},
    {file = "numpy-1.23.4-cp311-cp311-manylinux_2_17_x86_64.manylinux2014_x86_64.whl", hash = "sha256:7a70a7d3ce4c0e9284e92285cba91a4a3f5214d87ee0e95928f3614a256a1488"},
    {file = "numpy-1.23.4-cp311-cp311-win32.whl", hash = "sha256:5e13030f8793e9ee42f9c7d5777465a560eb78fa7e11b1c053427f2ccab90c79"},
    {file = "numpy-1.23.4-cp311-cp311-win_amd64.whl", hash = "sha256:7607b598217745cc40f751da38ffd03512d33ec06f3523fb0b5f82e09f6f676d"},
    {file = "numpy-1.23.4-cp38-cp38-macosx_10_9_x86_64.whl", hash = "sha256:7ab46e4e7ec63c8a5e6dbf5c1b9e1c92ba23a7ebecc86c336cb7bf3bd2fb10e5"},
    {file = "numpy-1.23.4-cp38-cp38-macosx_11_0_arm64.whl", hash = "sha256:a8aae2fb3180940011b4862b2dd3756616841c53db9734b27bb93813cd79fce6"},
    {file = "numpy-1.23.4-cp38-cp38-manylinux_2_17_aarch64.manylinux2014_aarch64.whl", hash = "sha256:8c053d7557a8f022ec823196d242464b6955a7e7e5015b719e76003f63f82d0f"},
    {file = "numpy-1.23.4-cp38-cp38-manylinux_2_17_x86_64.manylinux2014_x86_64.whl", hash = "sha256:a0882323e0ca4245eb0a3d0a74f88ce581cc33aedcfa396e415e5bba7bf05f68"},
    {file = "numpy-1.23.4-cp38-cp38-win32.whl", hash = "sha256:dada341ebb79619fe00a291185bba370c9803b1e1d7051610e01ed809ef3a4ba"},
    {file = "numpy-1.23.4-cp38-cp38-win_amd64.whl", hash = "sha256:0fe563fc8ed9dc4474cbf70742673fc4391d70f4363f917599a7fa99f042d5a8"},
    {file = "numpy-1.23.4-cp39-cp39-macosx_10_9_x86_64.whl", hash = "sha256:c67b833dbccefe97cdd3f52798d430b9d3430396af7cdb2a0c32954c3ef73894"},
    {file = "numpy-1.23.4-cp39-cp39-macosx_11_0_arm64.whl", hash = "sha256:f76025acc8e2114bb664294a07ede0727aa75d63a06d2fae96bf29a81747e4a7"},
    {file = "numpy-1.23.4-cp39-cp39-manylinux_2_17_aarch64.manylinux2014_aarch64.whl", hash = "sha256:12ac457b63ec8ded85d85c1e17d85efd3c2b0967ca39560b307a35a6703a4735"},
    {file = "numpy-1.23.4-cp39-cp39-manylinux_2_17_x86_64.manylinux2014_x86_64.whl", hash = "sha256:95de7dc7dc47a312f6feddd3da2500826defdccbc41608d0031276a24181a2c0"},
    {file = "numpy-1.23.4-cp39-cp39-win32.whl", hash = "sha256:f2f390aa4da44454db40a1f0201401f9036e8d578a25f01a6e237cea238337ef"},
    {file = "numpy-1.23.4-cp39-cp39-win_amd64.whl", hash = "sha256:f260da502d7441a45695199b4e7fd8ca87db659ba1c78f2bbf31f934fe76ae0e"},
    {file = "numpy-1.23.4-pp38-pypy38_pp73-macosx_10_9_x86_64.whl", hash = "sha256:61be02e3bf810b60ab74e81d6d0d36246dbfb644a462458bb53b595791251911"},
    {file = "numpy-1.23.4-pp38-pypy38_pp73-manylinux_2_17_x86_64.manylinux2014_x86_64.whl", hash = "sha256:296d17aed51161dbad3c67ed6d164e51fcd18dbcd5dd4f9d0a9c6055dce30810"},
    {file = "numpy-1.23.4-pp38-pypy38_pp73-win_amd64.whl", hash = "sha256:4d52914c88b4930dafb6c48ba5115a96cbab40f45740239d9f4159c4ba779962"},
    {file = "numpy-1.23.4.tar.gz", hash = "sha256:ed2cc92af0efad20198638c69bb0fc2870a58dabfba6eb722c933b48556c686c"},
]

[[package]]
name = "opencv-python"
version = "4.7.0.72"
description = "Wrapper package for OpenCV python bindings."
optional = false
python-versions = ">=3.6"
files = [
    {file = "opencv-python-4.7.0.72.tar.gz", hash = "sha256:3424794a711f33284581f3c1e4b071cfc827d02b99d6fd9a35391f517c453306"},
    {file = "opencv_python-4.7.0.72-cp37-abi3-macosx_10_16_x86_64.whl", hash = "sha256:d4f8880440c433a0025d78804dda6901d1e8e541a561dda66892d90290aef881"},
    {file = "opencv_python-4.7.0.72-cp37-abi3-macosx_11_0_arm64.whl", hash = "sha256:7a297e7651e22eb17c265ddbbc80e2ba2a8ff4f4a1696a67c45e5f5798245842"},
    {file = "opencv_python-4.7.0.72-cp37-abi3-manylinux_2_17_aarch64.manylinux2014_aarch64.whl", hash = "sha256:cd08343654c6b88c5a8c25bf425f8025aed2e3189b4d7306b5861d32affaf737"},
    {file = "opencv_python-4.7.0.72-cp37-abi3-manylinux_2_17_x86_64.manylinux2014_x86_64.whl", hash = "sha256:ebfc0a3a2f57716e709028b992e4de7fd8752105d7a768531c4f434043c6f9ff"},
    {file = "opencv_python-4.7.0.72-cp37-abi3-win32.whl", hash = "sha256:eda115797b114fc16ca6f182b91c5d984f0015c19bec3145e55d33d708e9bae1"},
    {file = "opencv_python-4.7.0.72-cp37-abi3-win_amd64.whl", hash = "sha256:812af57553ec1c6709060c63f6b7e9ad07ddc0f592f3ccc6d00c71e0fe0e6376"},
]

[package.dependencies]
numpy = [
    {version = ">=1.21.0", markers = "python_version <= \"3.9\" and platform_system == \"Darwin\" and platform_machine == \"arm64\" and python_version >= \"3.8\""},
    {version = ">=1.22.0", markers = "python_version >= \"3.11\""},
    {version = ">=1.21.4", markers = "python_version >= \"3.10\" and platform_system == \"Darwin\" and python_version < \"3.11\""},
    {version = ">=1.21.2", markers = "platform_system != \"Darwin\" and python_version >= \"3.10\" and python_version < \"3.11\""},
    {version = ">=1.19.3", markers = "platform_system == \"Linux\" and platform_machine == \"aarch64\" and python_version >= \"3.8\" and python_version < \"3.10\" or python_version > \"3.9\" and python_version < \"3.10\" or python_version >= \"3.9\" and platform_system != \"Darwin\" and python_version < \"3.10\" or python_version >= \"3.9\" and platform_machine != \"arm64\" and python_version < \"3.10\""},
    {version = ">=1.17.3", markers = "(platform_system != \"Darwin\" and platform_system != \"Linux\") and python_version >= \"3.8\" and python_version < \"3.9\" or platform_system != \"Darwin\" and python_version >= \"3.8\" and python_version < \"3.9\" and platform_machine != \"aarch64\" or platform_machine != \"arm64\" and python_version >= \"3.8\" and python_version < \"3.9\" and platform_system != \"Linux\" or (platform_machine != \"arm64\" and platform_machine != \"aarch64\") and python_version >= \"3.8\" and python_version < \"3.9\""},
]

[[package]]
name = "packaging"
version = "24.1"
description = "Core utilities for Python packages"
optional = false
python-versions = ">=3.8"
files = [
    {file = "packaging-24.1-py3-none-any.whl", hash = "sha256:5b8f2217dbdbd2f7f384c41c628544e6d52f2d0f53c6d0c3ea61aa5d1d7ff124"},
    {file = "packaging-24.1.tar.gz", hash = "sha256:026ed72c8ed3fcce5bf8950572258698927fd1dbda10a5e981cdf0ac37f4f002"},
]

[[package]]
name = "protobuf"
version = "4.25.4"
description = ""
optional = false
python-versions = ">=3.8"
files = [
    {file = "protobuf-4.25.4-cp310-abi3-win32.whl", hash = "sha256:db9fd45183e1a67722cafa5c1da3e85c6492a5383f127c86c4c4aa4845867dc4"},
    {file = "protobuf-4.25.4-cp310-abi3-win_amd64.whl", hash = "sha256:ba3d8504116a921af46499471c63a85260c1a5fc23333154a427a310e015d26d"},
    {file = "protobuf-4.25.4-cp37-abi3-macosx_10_9_universal2.whl", hash = "sha256:eecd41bfc0e4b1bd3fa7909ed93dd14dd5567b98c941d6c1ad08fdcab3d6884b"},
    {file = "protobuf-4.25.4-cp37-abi3-manylinux2014_aarch64.whl", hash = "sha256:4c8a70fdcb995dcf6c8966cfa3a29101916f7225e9afe3ced4395359955d3835"},
    {file = "protobuf-4.25.4-cp37-abi3-manylinux2014_x86_64.whl", hash = "sha256:3319e073562e2515c6ddc643eb92ce20809f5d8f10fead3332f71c63be6a7040"},
    {file = "protobuf-4.25.4-cp38-cp38-win32.whl", hash = "sha256:7e372cbbda66a63ebca18f8ffaa6948455dfecc4e9c1029312f6c2edcd86c4e1"},
    {file = "protobuf-4.25.4-cp38-cp38-win_amd64.whl", hash = "sha256:051e97ce9fa6067a4546e75cb14f90cf0232dcb3e3d508c448b8d0e4265b61c1"},
    {file = "protobuf-4.25.4-cp39-cp39-win32.whl", hash = "sha256:90bf6fd378494eb698805bbbe7afe6c5d12c8e17fca817a646cd6a1818c696ca"},
    {file = "protobuf-4.25.4-cp39-cp39-win_amd64.whl", hash = "sha256:ac79a48d6b99dfed2729ccccee547b34a1d3d63289c71cef056653a846a2240f"},
    {file = "protobuf-4.25.4-py3-none-any.whl", hash = "sha256:bfbebc1c8e4793cfd58589acfb8a1026be0003e852b9da7db5a4285bde996978"},
    {file = "protobuf-4.25.4.tar.gz", hash = "sha256:0dc4a62cc4052a036ee2204d26fe4d835c62827c855c8a03f29fe6da146b380d"},
]

[[package]]
name = "python-rapidjson"
version = "1.18"
description = "Python wrapper around rapidjson"
optional = false
python-versions = ">=3.6"
files = [
    {file = "python-rapidjson-1.18.tar.gz", hash = "sha256:09a5c362e2fec2a41b53e79e88bd8f0704447cb67c1c89a59e3092ccb4a30355"},
    {file = "python_rapidjson-1.18-cp310-cp310-macosx_10_9_x86_64.whl", hash = "sha256:1f38c7ca5fee31423bb34f464c789f57954886dd00e1a8c8483fd13e0c0d2583"},
    {file = "python_rapidjson-1.18-cp310-cp310-macosx_11_0_arm64.whl", hash = "sha256:1912224817f734ee9138e91d170b62818fd01caa731aa8668e8c9bce9017fe7e"},
    {file = "python_rapidjson-1.18-cp310-cp310-manylinux_2_17_aarch64.manylinux2014_aarch64.whl", hash = "sha256:2af6ca181e812f2306d4806beb974334ddd0774a8f62194ad1721277236f4ad1"},
    {file = "python_rapidjson-1.18-cp310-cp310-manylinux_2_17_ppc64le.manylinux2014_ppc64le.whl", hash = "sha256:08f859f64470ecb307cdcd7a532bef9c9ab3c94d2005c5693a7e18b3a11d4b28"},
    {file = "python_rapidjson-1.18-cp310-cp310-manylinux_2_17_x86_64.manylinux2014_x86_64.whl", hash = "sha256:507595740300e95dded254536558cd56733cc3207e3c2457f19231ad00e78d85"},
    {file = "python_rapidjson-1.18-cp310-cp310-manylinux_2_5_i686.manylinux1_i686.manylinux_2_17_i686.manylinux2014_i686.whl", hash = "sha256:5815af2f69a11c114e5004a77b8b036b5abcd06202c8bc1525856f9d836254a3"},
    {file = "python_rapidjson-1.18-cp310-cp310-musllinux_1_2_aarch64.whl", hash = "sha256:d680b8c8f4dbceb465544bbdd28463aa7e0b651343aa73c2476533bf300e0266"},
    {file = "python_rapidjson-1.18-cp310-cp310-musllinux_1_2_i686.whl", hash = "sha256:ff22c4160227be38322a88856f011c95d199103c30993bf3ee64f4bce9221807"},
    {file = "python_rapidjson-1.18-cp310-cp310-musllinux_1_2_ppc64le.whl", hash = "sha256:9deb8a8a2df2982b446f2a19264a5da2780ddb415caf9e11d48e74701053f02e"},
    {file = "python_rapidjson-1.18-cp310-cp310-musllinux_1_2_x86_64.whl", hash = "sha256:f6ecd86abf689538fdab5a55483c38bf10bdd9a8ed204ae10fa5a1bac7222d88"},
    {file = "python_rapidjson-1.18-cp310-cp310-win32.whl", hash = "sha256:a9d4cd0be643b8310c1c92987961c06b68429527154e9bea75118802cd179178"},
    {file = "python_rapidjson-1.18-cp310-cp310-win_amd64.whl", hash = "sha256:52f1d509ec20ab5d26f6dbc5d56821e0b2b1a5a878439eb0b3a33137b59029f5"},
    {file = "python_rapidjson-1.18-cp311-cp311-macosx_10_9_x86_64.whl", hash = "sha256:83912aae7c508204c263818befa24cf3223ecf0175e70d0412169e1302f1b4f2"},
    {file = "python_rapidjson-1.18-cp311-cp311-macosx_11_0_arm64.whl", hash = "sha256:0f45a02e4593879772099cf88d18dbde3376334684a809feb9228b8745c0c08c"},
    {file = "python_rapidjson-1.18-cp311-cp311-manylinux_2_17_aarch64.manylinux2014_aarch64.whl", hash = "sha256:f201e0c1e41c0e491cf2eca121d51f30c666f35ce33a6d14ba8fc5b76e4a2fa7"},
    {file = "python_rapidjson-1.18-cp311-cp311-manylinux_2_17_ppc64le.manylinux2014_ppc64le.whl", hash = "sha256:697d06a66a1ba267f5abbb04971e461df1d4528ba341af6848a1ef01ae224e90"},
    {file = "python_rapidjson-1.18-cp311-cp311-manylinux_2_17_x86_64.manylinux2014_x86_64.whl", hash = "sha256:4b7e22b841fda1ec8c9e0a49069fbc6579363ba79fa5398fc7d37666357068cf"},
    {file = "python_rapidjson-1.18-cp311-cp311-manylinux_2_5_i686.manylinux1_i686.manylinux_2_17_i686.manylinux2014_i686.whl", hash = "sha256:356b2f81e6cdb4c1bb9122b635c8bd827f845da7c0de8618874c933fb88de573"},
    {file = "python_rapidjson-1.18-cp311-cp311-musllinux_1_2_aarch64.whl", hash = "sha256:acd2430dd7a8f66618247635c51a9413679e9a5279aaea708f854ef03cc933e1"},
    {file = "python_rapidjson-1.18-cp311-cp311-musllinux_1_2_i686.whl", hash = "sha256:a587b3ec2b76480dfb57409654a9344ab47910e1b9d09e1c8eefe2db6c8c7364"},
    {file = "python_rapidjson-1.18-cp311-cp311-musllinux_1_2_ppc64le.whl", hash = "sha256:2cf502e6c01d0933dc65888ab62b86d67967903c9a66158c2e458b312e671345"},
    {file = "python_rapidjson-1.18-cp311-cp311-musllinux_1_2_x86_64.whl", hash = "sha256:43e622aa170f0b1e04f5b5ac8c7bf94b99f79efceb3608d8f1456f617cd79cdb"},
    {file = "python_rapidjson-1.18-cp311-cp311-win32.whl", hash = "sha256:f9c9faa7c1df63e2b238fcbdb915d52eba9ba42ee6e2a502f81e8aac07938783"},
    {file = "python_rapidjson-1.18-cp311-cp311-win_amd64.whl", hash = "sha256:e7b1cadf5c8852ae6e0a19fcf5b734eef4f92170292686cfdcced1302ea0aa20"},
    {file = "python_rapidjson-1.18-cp312-cp312-macosx_10_9_x86_64.whl", hash = "sha256:52912323a2ac460ea605ab55f437196f662ec9db82669367dab4cda8f4c05b13"},
    {file = "python_rapidjson-1.18-cp312-cp312-macosx_11_0_arm64.whl", hash = "sha256:ebbd471d63bfa3c09180fd44eefec7b0f46ca41ee4552559c3a027799c67d781"},
    {file = "python_rapidjson-1.18-cp312-cp312-manylinux_2_17_aarch64.manylinux2014_aarch64.whl", hash = "sha256:1cb89a794242a692ef5d15ec9ad14c21fd17abc4671af62eadc8e6a1861a0319"},
    {file = "python_rapidjson-1.18-cp312-cp312-manylinux_2_17_ppc64le.manylinux2014_ppc64le.whl", hash = "sha256:fcae2fdd5a2520dc85f98224ba1fc96badd0b68d3a8ee41485b3e37be67b7bef"},
    {file = "python_rapidjson-1.18-cp312-cp312-manylinux_2_17_x86_64.manylinux2014_x86_64.whl", hash = "sha256:9f46face2b3e6891dd646dc1062c1133323ce4dc26409a084535f2af9e2bb4e3"},
    {file = "python_rapidjson-1.18-cp312-cp312-manylinux_2_5_i686.manylinux1_i686.manylinux_2_17_i686.manylinux2014_i686.whl", hash = "sha256:67a3f71225200344ffaab3d28add533398b92f65d9166e649222a50677370fd2"},
    {file = "python_rapidjson-1.18-cp312-cp312-musllinux_1_2_aarch64.whl", hash = "sha256:7851252083aba29668cf1f02dc1c1e5e5a9113bf4f1dedc2f509c00e43f0c884"},
    {file = "python_rapidjson-1.18-cp312-cp312-musllinux_1_2_i686.whl", hash = "sha256:32c32256edb35a234b16dfa6452bdf066cc272675cf9b3eb980e853505202766"},
    {file = "python_rapidjson-1.18-cp312-cp312-musllinux_1_2_ppc64le.whl", hash = "sha256:5f9d27c090782f83de06dd51b9a7143b04c32314e53ed531a2d8f170f9f255e9"},
    {file = "python_rapidjson-1.18-cp312-cp312-musllinux_1_2_x86_64.whl", hash = "sha256:d3e0b8863cc0e78e36d41aae856101291c0bea9215690decafa6bae5f413e1f3"},
    {file = "python_rapidjson-1.18-cp312-cp312-win32.whl", hash = "sha256:123e7bf9726c09055d97ba0c4fc8cdb9deda80c2a9d5409bfd49935a0f38d0b2"},
    {file = "python_rapidjson-1.18-cp312-cp312-win_amd64.whl", hash = "sha256:03d14892a1cdc24e5b200ca619fda397e0f36a3d1420edcb7212ae47d4d9fd3e"},
    {file = "python_rapidjson-1.18-cp313-cp313-macosx_10_13_x86_64.whl", hash = "sha256:1d4861adede630a5eee77c46f9c901da2ac15bc3c0296ad851d69036db3a0374"},
    {file = "python_rapidjson-1.18-cp313-cp313-macosx_11_0_arm64.whl", hash = "sha256:35d0e9c8dd61670b5833546b3ded057b68e696ab530d3c14603e718a4bc3db00"},
    {file = "python_rapidjson-1.18-cp313-cp313-manylinux_2_17_aarch64.manylinux2014_aarch64.whl", hash = "sha256:d229114f738ee0d9ff1b727aaf7bfe6a90d6f77e0449b33f87ad7814c493c921"},
    {file = "python_rapidjson-1.18-cp313-cp313-manylinux_2_17_ppc64le.manylinux2014_ppc64le.whl", hash = "sha256:fb0a8361b668e920d7fa78f725f59d224adedb3620f526509cef4416778e3393"},
    {file = "python_rapidjson-1.18-cp313-cp313-manylinux_2_17_x86_64.manylinux2014_x86_64.whl", hash = "sha256:20256271a00f758a96ccfdd61434c11a1fc6b5e3fd4e7324dd832e576c9f720b"},
    {file = "python_rapidjson-1.18-cp313-cp313-manylinux_2_5_i686.manylinux1_i686.manylinux_2_17_i686.manylinux2014_i686.whl", hash = "sha256:ad82fa706d7437ceb0d8e36870715e8318359bc604016fc505c14ccc109322e9"},
    {file = "python_rapidjson-1.18-cp313-cp313-musllinux_1_2_aarch64.whl", hash = "sha256:f13a8be00c0fd31c75304f03df1240d16268720b9d12eca3d055f702dd607427"},
    {file = "python_rapidjson-1.18-cp313-cp313-musllinux_1_2_i686.whl", hash = "sha256:e9712964a864c7604319bebbdd4ab5de9a42698d3c9a6c15c964a06d586a2c66"},
    {file = "python_rapidjson-1.18-cp313-cp313-musllinux_1_2_ppc64le.whl", hash = "sha256:f0f36f9c194d8c893463128a57bd7cde3bb28151eaf5bb5db5f552de0eb0eb93"},
    {file = "python_rapidjson-1.18-cp313-cp313-musllinux_1_2_x86_64.whl", hash = "sha256:4704f9f987a62c4b7e419843bb3c5daea81271dba95cae47e92b2475978ae66b"},
    {file = "python_rapidjson-1.18-cp313-cp313-win32.whl", hash = "sha256:2d197c686a4eacc2defe9bd31bf73b23877ad4974857b72b65e126cef7a50fa5"},
    {file = "python_rapidjson-1.18-cp313-cp313-win_amd64.whl", hash = "sha256:30f4a317af410d3977cf405737a2d6e81c6695d24df33113523023f665bb5e75"},
    {file = "python_rapidjson-1.18-cp38-cp38-macosx_10_9_x86_64.whl", hash = "sha256:300b8d84d5bebea7988312950fc949c1701055086b2790afaaad68e8f1cf389d"},
    {file = "python_rapidjson-1.18-cp38-cp38-macosx_11_0_arm64.whl", hash = "sha256:981dd50522999a4fe519ca14135e20b3acc4928df4d4421d96792913d2fb359d"},
    {file = "python_rapidjson-1.18-cp38-cp38-manylinux_2_17_aarch64.manylinux2014_aarch64.whl", hash = "sha256:d03390ac612090c58553e1d8454faff6099a2b2ee0c44ebd19546d5a73b30689"},
    {file = "python_rapidjson-1.18-cp38-cp38-manylinux_2_17_ppc64le.manylinux2014_ppc64le.whl", hash = "sha256:0550caca5227e3f929b63b758c19c584f39c10d4e1c4ad9b7e322f19030db3b8"},
    {file = "python_rapidjson-1.18-cp38-cp38-manylinux_2_17_x86_64.manylinux2014_x86_64.whl", hash = "sha256:37295c26b6270515666243d499c060006471b0517dbdf7690b5f855b9531f9b8"},
    {file = "python_rapidjson-1.18-cp38-cp38-manylinux_2_5_i686.manylinux1_i686.manylinux_2_17_i686.manylinux2014_i686.whl", hash = "sha256:d058b9c740c55fe3ffab826742773f995620992eda6a31d794727526d0ea1610"},
    {file = "python_rapidjson-1.18-cp38-cp38-musllinux_1_2_aarch64.whl", hash = "sha256:0c4697e3fa587c7f3938d2394ff6563085bbf346e4cab29fb425595d267a59d1"},
    {file = "python_rapidjson-1.18-cp38-cp38-musllinux_1_2_i686.whl", hash = "sha256:aa8fbc9c31d9320e80a290d3cf847756d37290628ccaad3719de6fa51ab43597"},
    {file = "python_rapidjson-1.18-cp38-cp38-musllinux_1_2_ppc64le.whl", hash = "sha256:191e051b7b384474b6558902b8c33f82474492e3d19cc188224cd1a5584ca4bf"},
    {file = "python_rapidjson-1.18-cp38-cp38-musllinux_1_2_x86_64.whl", hash = "sha256:0dd0bc1b3d4d72bd3eb9f60f84473fcefb316912422267bf06d8c2290ef33e02"},
    {file = "python_rapidjson-1.18-cp38-cp38-win32.whl", hash = "sha256:1925a3ed72504812ab1d8edd59ad83bd4b96b5a3e149ee927f3cdb98b803ac22"},
    {file = "python_rapidjson-1.18-cp38-cp38-win_amd64.whl", hash = "sha256:4e21cbd8585598ce091990196fe6fe354c607e13e2b17794f3711a8f2b2b8b11"},
    {file = "python_rapidjson-1.18-cp39-cp39-macosx_10_9_x86_64.whl", hash = "sha256:68230f34a076a54298d5c860ae8aa08e3de5ab5a289b23b96a0a6039861f911b"},
    {file = "python_rapidjson-1.18-cp39-cp39-macosx_11_0_arm64.whl", hash = "sha256:b1ec8b167484523bc0d753998594cb2614061755191946b73c7e88e124287595"},
    {file = "python_rapidjson-1.18-cp39-cp39-manylinux_2_17_aarch64.manylinux2014_aarch64.whl", hash = "sha256:9bad5d1a46b2d07f1d9b4ad1c316a36e024da451ff876d1572cb345c6bb50a42"},
    {file = "python_rapidjson-1.18-cp39-cp39-manylinux_2_17_ppc64le.manylinux2014_ppc64le.whl", hash = "sha256:daf270f1d2feddf7680ddc2faf2778e814caf569095cc60c2079e856af3d2bc3"},
    {file = "python_rapidjson-1.18-cp39-cp39-manylinux_2_17_x86_64.manylinux2014_x86_64.whl", hash = "sha256:72948a56b9d4964d72f2f3862d5d168b247457f9d1e70cee750a0cd660f67555"},
    {file = "python_rapidjson-1.18-cp39-cp39-manylinux_2_5_i686.manylinux1_i686.manylinux_2_17_i686.manylinux2014_i686.whl", hash = "sha256:0624eebe2ceba44dd84a3d3409fab1e7e1a021c3701b5ad5bd8a0fba47898d20"},
    {file = "python_rapidjson-1.18-cp39-cp39-musllinux_1_2_aarch64.whl", hash = "sha256:b975fcecbf5f3845ce72040be4630ece4c5b467c24c749be2a81827918a2e530"},
    {file = "python_rapidjson-1.18-cp39-cp39-musllinux_1_2_i686.whl", hash = "sha256:f725f560f4865fb5b684a26935f78690e44aa475c8b41a793d096a122115c9b3"},
    {file = "python_rapidjson-1.18-cp39-cp39-musllinux_1_2_ppc64le.whl", hash = "sha256:0a31ea1a7a11a6e60fed42364e6726d29346f6ba1a9212ea1b6753731f600909"},
    {file = "python_rapidjson-1.18-cp39-cp39-musllinux_1_2_x86_64.whl", hash = "sha256:477aff79a2d87daee45c49e917097426fe5495f99fb935a5adb20716cb52c86a"},
    {file = "python_rapidjson-1.18-cp39-cp39-win32.whl", hash = "sha256:d13a0e3f647726f653cd3d6bfc770d595f51d75212b38df82d2a465bc0df5dd8"},
    {file = "python_rapidjson-1.18-cp39-cp39-win_amd64.whl", hash = "sha256:412c716cbf41ecfb99879443fc11288513053e63302232df0ed99d629fd220da"},
]

[[package]]
name = "tritonclient"
version = "2.48.0"
description = "Python client library and utilities for communicating with Triton Inference Server"
optional = false
python-versions = "*"
files = [
    {file = "tritonclient-2.48.0-py3-none-any.whl", hash = "sha256:886159f770f8f67ac33d2984f0027f9d234e0a03e9cb5b9817ab6ba940abfd3b"},
    {file = "tritonclient-2.48.0-py3-none-manylinux1_x86_64.whl", hash = "sha256:7074885798e8a711fedaf94d6dd77f310973fe2ebf29fb2837db350a43e2d6a5"},
    {file = "tritonclient-2.48.0-py3-none-manylinux2014_aarch64.whl", hash = "sha256:e5bc2aaa59a82f91b7d041c080798b8e11cee09a3d38a2647563067642dbfacf"},
]

[package.dependencies]
grpcio = {version = ">=1.41.0", optional = true, markers = "extra == \"grpc\""}
numpy = ">=1.19.1,<2"
packaging = {version = ">=14.1", optional = true, markers = "extra == \"grpc\""}
protobuf = {version = ">=3.5.0,<5", optional = true, markers = "extra == \"grpc\""}
python-rapidjson = ">=0.9.1"
urllib3 = ">=2.0.7"

[package.extras]
all = ["aiohttp (>=3.8.1,<4.0.0)", "cuda-python", "geventhttpclient (>=1.4.4,<=2.0.2)", "grpcio (>=1.41.0)", "numpy (>=1.19.1,<2)", "packaging (>=14.1)", "protobuf (>=3.5.0,<5)", "python-rapidjson (>=0.9.1)"]
cuda = ["cuda-python"]
grpc = ["grpcio (>=1.41.0)", "numpy (>=1.19.1,<2)", "packaging (>=14.1)", "protobuf (>=3.5.0,<5)", "python-rapidjson (>=0.9.1)"]
http = ["aiohttp (>=3.8.1,<4.0.0)", "geventhttpclient (>=1.4.4,<=2.0.2)", "numpy (>=1.19.1,<2)", "python-rapidjson (>=0.9.1)"]

[[package]]
name = "urllib3"
version = "2.2.2"
description = "HTTP library with thread-safe connection pooling, file post, and more."
optional = false
python-versions = ">=3.8"
files = [
    {file = "urllib3-2.2.2-py3-none-any.whl", hash = "sha256:a448b2f64d686155468037e1ace9f2d2199776e17f0a46610480d311f73e3472"},
    {file = "urllib3-2.2.2.tar.gz", hash = "sha256:dd505485549a7a552833da5e6063639d0d177c04f23bc3864e41e5dc5f612168"},
]

[package.extras]
brotli = ["brotli (>=1.0.9)", "brotlicffi (>=0.8.0)"]
h2 = ["h2 (>=4,<5)"]
socks = ["pysocks (>=1.5.6,!=1.5.7,<2.0)"]
zstd = ["zstandard (>=0.18.0)"]

[metadata]
lock-version = "2.0"
python-versions = "^3.8"
content-hash = "b3ccbc77b7e82bc0acb0f1452b13a70eff10845d9772a6a0ec6a80d22e4402ea"
